
Microsoft Visual Studio Solution File, Format Version 12.00
# Visual Studio Version 16
VisualStudioVersion = 16.0.29920.165
MinimumVisualStudioVersion = 10.0.40219.1
Project("{9A19103F-16F7-4668-BE54-9A1E7A4F7556}") = "Prediction.Model", "Prediction.Model\Prediction.Model.csproj", "{971E2273-D499-4A20-A0E7-D6CB161F6646}"
EndProject
Project("{9A19103F-16F7-4668-BE54-9A1E7A4F7556}") = "Prediction", "Prediction\Prediction.csproj", "{8062D39C-6733-4A9C-B5F4-DF9CE29EBB85}"
EndProject
Global
	GlobalSection(SolutionConfigurationPlatforms) = preSolution
		Debug|Any CPU = Debug|Any CPU
		Release|Any CPU = Release|Any CPU
	EndGlobalSection
	GlobalSection(ProjectConfigurationPlatforms) = postSolution
		{971E2273-D499-4A20-A0E7-D6CB161F6646}.Debug|Any CPU.ActiveCfg = Debug|Any CPU
		{971E2273-D499-4A20-A0E7-D6CB161F6646}.Debug|Any CPU.Build.0 = Debug|Any CPU
		{971E2273-D499-4A20-A0E7-D6CB161F6646}.Release|Any CPU.ActiveCfg = Release|Any CPU
		{971E2273-D499-4A20-A0E7-D6CB161F6646}.Release|Any CPU.Build.0 = Release|Any CPU
		{8062D39C-6733-4A9C-B5F4-DF9CE29EBB85}.Debug|Any CPU.ActiveCfg = Debug|Any CPU
		{8062D39C-6733-4A9C-B5F4-DF9CE29EBB85}.Debug|Any CPU.Build.0 = Debug|Any CPU
		{8062D39C-6733-4A9C-B5F4-DF9CE29EBB85}.Release|Any CPU.ActiveCfg = Release|Any CPU
		{8062D39C-6733-4A9C-B5F4-DF9CE29EBB85}.Release|Any CPU.Build.0 = Release|Any CPU
	EndGlobalSection
	GlobalSection(SolutionProperties) = preSolution
		HideSolutionNode = FALSE
	EndGlobalSection
	GlobalSection(ExtensibilityGlobals) = postSolution
		SolutionGuid = {60F3F849-4B7F-47B7-96CE-6134D1087D04}
	EndGlobalSection
EndGlobal
